
Microsoft Visual Studio Solution File, Format Version 12.00
# Visual Studio Version 17
VisualStudioVersion = 17.10.34607.79
MinimumVisualStudioVersion = 10.0.40219.1
Project("{2150E333-8FDC-42A3-9474-1A3956D46DE8}") = "src", "src", "{AAAAAAAA-AAAA-AAAA-AAAA-AAAAAAAAAAAA}"
EndProject
Project("{2150E333-8FDC-42A3-9474-1A3956D46DE8}") = "tests", "tests", "{BBBBBBBB-BBBB-BBBB-BBBB-BBBBBBBBBBBB}"
EndProject
Project("{9A19103F-16F7-4668-BE54-9A1E7A4F7556}") = "Valyze.Domain", "src\Valyze.Domain\Valyze.Domain.csproj", "{1A1A1A1A-1111-1111-1111-111111111111}"
EndProject
Project("{9A19103F-16F7-4668-BE54-9A1E7A4F7556}") = "Valyze.Application", "src\Valyze.Application\Valyze.Application.csproj", "{2A2A2A2A-2222-2222-2222-222222222222}"
EndProject
Project("{9A19103F-16F7-4668-BE54-9A1E7A4F7556}") = "Valyze.Infraestructure.EntityFramework", "src\Valyze.Infraestructure.EntityFramework\Valyze.Infraestructure.EntityFramework.csproj", "{7A7A7A7A-7777-7777-7777-777777777777}"
EndProject
Project("{9A19103F-16F7-4668-BE54-9A1E7A4F7556}") = "Valyze.Infraestructure.Repository", "src\Valyze.Infraestructure.Repository\Valyze.Infraestructure.Repository.csproj", "{8A8A8A8A-8888-8888-8888-888888888888}"
EndProject
Project("{9A19103F-16F7-4668-BE54-9A1E7A4F7556}") = "Valyze.Infraestructure.QueryService", "src\Valyze.Infraestructure.QueryService\Valyze.Infraestructure.QueryService.csproj", "{9A9A9A9A-9999-9999-9999-999999999999}"
EndProject
Project("{9A19103F-16F7-4668-BE54-9A1E7A4F7556}") = "Valyze.Infraestructure.Brokers.TradeRepublic", "src\Valyze.Infraestructure.Brokers.TradeRepublic\Valyze.Infraestructure.Brokers.TradeRepublic.csproj", "{BABABABA-BBBB-BBBB-BBBB-BABABABABABA}"
EndProject
Project("{9A19103F-16F7-4668-BE54-9A1E7A4F7556}") = "Valyze.Infraestructure.MarketData.CoinGecko", "src\Valyze.Infraestructure.MarketData.CoinGecko\Valyze.Infraestructure.MarketData.CoinGecko.csproj", "{CDCDCDCD-CCCC-CCCC-CCCC-CDCDCDCDCDCD}"
EndProject
Project("{9A19103F-16F7-4668-BE54-9A1E7A4F7556}") = "Valyze.Infraestructure.MarketData.Yahoo", "src\Valyze.Infraestructure.MarketData.Yahoo\Valyze.Infraestructure.MarketData.Yahoo.csproj", "{DEDEDEDE-DDDD-DDDD-DDDD-DEDEDEDEDEDE}"
EndProject
Project("{9A19103F-16F7-4668-BE54-9A1E7A4F7556}") = "Valyze.Infraestructure.MarketData.Ecb", "src\Valyze.Infraestructure.MarketData.Ecb\Valyze.Infraestructure.MarketData.Ecb.csproj", "{ECECECEC-EEEE-EEEE-EEEE-ECECECECECEC}"
EndProject
Project("{9A19103F-16F7-4668-BE54-9A1E7A4F7556}") = "Valyze.Host", "src\Valyze.Host\Valyze.Host.csproj", "{4A4A4A4A-4444-4444-4444-444444444444}"
EndProject
Project("{9A19103F-16F7-4668-BE54-9A1E7A4F7556}") = "Valyze.Workers", "src\Valyze.Workers\Valyze.Workers.csproj", "{5A5A5A5A-5555-5555-5555-555555555555}"
EndProject
Project("{9A19103F-16F7-4668-BE54-9A1E7A4F7556}") = "Valyze.Domain.Tests", "tests\Valyze.Domain.Tests\Valyze.Domain.Tests.csproj", "{6A6A6A6A-6666-6666-6666-666666666666}"
EndProject
Project("{FAE04EC0-301F-11D3-BF4B-00C04F79EFBC}") = "Valyze.Mcp", "src\Valyze.Mcp\Valyze.Mcp.csproj", "{2166263C-4B47-4448-B381-97C55ADEE4C1}"
EndProject
Project("{FAE04EC0-301F-11D3-BF4B-00C04F79EFBC}") = "Valyze.Infraestructure.News.Rss", "src\Valyze.Infraestructure.News.Rss\Valyze.Infraestructure.News.Rss.csproj", "{81EA25ED-993B-4225-B0E5-528006AA3AF5}"
EndProject
Project("{FAE04EC0-301F-11D3-BF4B-00C04F79EFBC}") = "Valyze.Application.Tests", "tests\Valyze.Application.Tests\Valyze.Application.Tests.csproj", "{A1E46D25-34F3-4B69-9180-3E9E9260E6D7}"
EndProject
Global
	GlobalSection(SolutionConfigurationPlatforms) = preSolution
		Debug|Any CPU = Debug|Any CPU
		Debug|x64 = Debug|x64
		Debug|x86 = Debug|x86
		Release|Any CPU = Release|Any CPU
		Release|x64 = Release|x64
		Release|x86 = Release|x86
	EndGlobalSection
	GlobalSection(ProjectConfigurationPlatforms) = postSolution
		{1A1A1A1A-1111-1111-1111-111111111111}.Debug|Any CPU.ActiveCfg = Debug|Any CPU
		{1A1A1A1A-1111-1111-1111-111111111111}.Debug|Any CPU.Build.0 = Debug|Any CPU
		{1A1A1A1A-1111-1111-1111-111111111111}.Debug|x64.ActiveCfg = Debug|Any CPU
		{1A1A1A1A-1111-1111-1111-111111111111}.Debug|x64.Build.0 = Debug|Any CPU
		{1A1A1A1A-1111-1111-1111-111111111111}.Debug|x86.ActiveCfg = Debug|Any CPU
		{1A1A1A1A-1111-1111-1111-111111111111}.Debug|x86.Build.0 = Debug|Any CPU
		{1A1A1A1A-1111-1111-1111-111111111111}.Release|Any CPU.ActiveCfg = Release|Any CPU
		{1A1A1A1A-1111-1111-1111-111111111111}.Release|Any CPU.Build.0 = Release|Any CPU
		{1A1A1A1A-1111-1111-1111-111111111111}.Release|x64.ActiveCfg = Release|Any CPU
		{1A1A1A1A-1111-1111-1111-111111111111}.Release|x64.Build.0 = Release|Any CPU
		{1A1A1A1A-1111-1111-1111-111111111111}.Release|x86.ActiveCfg = Release|Any CPU
		{1A1A1A1A-1111-1111-1111-111111111111}.Release|x86.Build.0 = Release|Any CPU
		{2A2A2A2A-2222-2222-2222-222222222222}.Debug|Any CPU.ActiveCfg = Debug|Any CPU
		{2A2A2A2A-2222-2222-2222-222222222222}.Debug|Any CPU.Build.0 = Debug|Any CPU
		{2A2A2A2A-2222-2222-2222-222222222222}.Debug|x64.ActiveCfg = Debug|Any CPU
		{2A2A2A2A-2222-2222-2222-222222222222}.Debug|x64.Build.0 = Debug|Any CPU
		{2A2A2A2A-2222-2222-2222-222222222222}.Debug|x86.ActiveCfg = Debug|Any CPU
		{2A2A2A2A-2222-2222-2222-222222222222}.Debug|x86.Build.0 = Debug|Any CPU
		{2A2A2A2A-2222-2222-2222-222222222222}.Release|Any CPU.ActiveCfg = Release|Any CPU
		{2A2A2A2A-2222-2222-2222-222222222222}.Release|Any CPU.Build.0 = Release|Any CPU
		{2A2A2A2A-2222-2222-2222-222222222222}.Release|x64.ActiveCfg = Release|Any CPU
		{2A2A2A2A-2222-2222-2222-222222222222}.Release|x64.Build.0 = Release|Any CPU
		{2A2A2A2A-2222-2222-2222-222222222222}.Release|x86.ActiveCfg = Release|Any CPU
		{2A2A2A2A-2222-2222-2222-222222222222}.Release|x86.Build.0 = Release|Any CPU
		{7A7A7A7A-7777-7777-7777-777777777777}.Debug|Any CPU.ActiveCfg = Debug|Any CPU
		{7A7A7A7A-7777-7777-7777-777777777777}.Debug|Any CPU.Build.0 = Debug|Any CPU
		{7A7A7A7A-7777-7777-7777-777777777777}.Debug|x64.ActiveCfg = Debug|Any CPU
		{7A7A7A7A-7777-7777-7777-777777777777}.Debug|x64.Build.0 = Debug|Any CPU
		{7A7A7A7A-7777-7777-7777-777777777777}.Debug|x86.ActiveCfg = Debug|Any CPU
		{7A7A7A7A-7777-7777-7777-777777777777}.Debug|x86.Build.0 = Debug|Any CPU
		{7A7A7A7A-7777-7777-7777-777777777777}.Release|Any CPU.ActiveCfg = Release|Any CPU
		{7A7A7A7A-7777-7777-7777-777777777777}.Release|Any CPU.Build.0 = Release|Any CPU
		{7A7A7A7A-7777-7777-7777-777777777777}.Release|x64.ActiveCfg = Release|Any CPU
		{7A7A7A7A-7777-7777-7777-777777777777}.Release|x64.Build.0 = Release|Any CPU
		{7A7A7A7A-7777-7777-7777-777777777777}.Release|x86.ActiveCfg = Release|Any CPU
		{7A7A7A7A-7777-7777-7777-777777777777}.Release|x86.Build.0 = Release|Any CPU
		{8A8A8A8A-8888-8888-8888-888888888888}.Debug|Any CPU.ActiveCfg = Debug|Any CPU
		{8A8A8A8A-8888-8888-8888-888888888888}.Debug|Any CPU.Build.0 = Debug|Any CPU
		{8A8A8A8A-8888-8888-8888-888888888888}.Debug|x64.ActiveCfg = Debug|Any CPU
		{8A8A8A8A-8888-8888-8888-888888888888}.Debug|x64.Build.0 = Debug|Any CPU
		{8A8A8A8A-8888-8888-8888-888888888888}.Debug|x86.ActiveCfg = Debug|Any CPU
		{8A8A8A8A-8888-8888-8888-888888888888}.Debug|x86.Build.0 = Debug|Any CPU
		{8A8A8A8A-8888-8888-8888-888888888888}.Release|Any CPU.ActiveCfg = Release|Any CPU
		{8A8A8A8A-8888-8888-8888-888888888888}.Release|Any CPU.Build.0 = Release|Any CPU
		{8A8A8A8A-8888-8888-8888-888888888888}.Release|x64.ActiveCfg = Release|Any CPU
		{8A8A8A8A-8888-8888-8888-888888888888}.Release|x64.Build.0 = Release|Any CPU
		{8A8A8A8A-8888-8888-8888-888888888888}.Release|x86.ActiveCfg = Release|Any CPU
		{8A8A8A8A-8888-8888-8888-888888888888}.Release|x86.Build.0 = Release|Any CPU
		{9A9A9A9A-9999-9999-9999-999999999999}.Debug|Any CPU.ActiveCfg = Debug|Any CPU
		{9A9A9A9A-9999-9999-9999-999999999999}.Debug|Any CPU.Build.0 = Debug|Any CPU
		{9A9A9A9A-9999-9999-9999-999999999999}.Debug|x64.ActiveCfg = Debug|Any CPU
		{9A9A9A9A-9999-9999-9999-999999999999}.Debug|x64.Build.0 = Debug|Any CPU
		{9A9A9A9A-9999-9999-9999-999999999999}.Debug|x86.ActiveCfg = Debug|Any CPU
		{9A9A9A9A-9999-9999-9999-999999999999}.Debug|x86.Build.0 = Debug|Any CPU
		{9A9A9A9A-9999-9999-9999-999999999999}.Release|Any CPU.ActiveCfg = Release|Any CPU
		{9A9A9A9A-9999-9999-9999-999999999999}.Release|Any CPU.Build.0 = Release|Any CPU
		{9A9A9A9A-9999-9999-9999-999999999999}.Release|x64.ActiveCfg = Release|Any CPU
		{9A9A9A9A-9999-9999-9999-999999999999}.Release|x64.Build.0 = Release|Any CPU
		{9A9A9A9A-9999-9999-9999-999999999999}.Release|x86.ActiveCfg = Release|Any CPU
		{9A9A9A9A-9999-9999-9999-999999999999}.Release|x86.Build.0 = Release|Any CPU
		{BABABABA-BBBB-BBBB-BBBB-BABABABABABA}.Debug|Any CPU.ActiveCfg = Debug|Any CPU
		{BABABABA-BBBB-BBBB-BBBB-BABABABABABA}.Debug|Any CPU.Build.0 = Debug|Any CPU
		{BABABABA-BBBB-BBBB-BBBB-BABABABABABA}.Debug|x64.ActiveCfg = Debug|Any CPU
		{BABABABA-BBBB-BBBB-BBBB-BABABABABABA}.Debug|x64.Build.0 = Debug|Any CPU
		{BABABABA-BBBB-BBBB-BBBB-BABABABABABA}.Debug|x86.ActiveCfg = Debug|Any CPU
		{BABABABA-BBBB-BBBB-BBBB-BABABABABABA}.Debug|x86.Build.0 = Debug|Any CPU
		{BABABABA-BBBB-BBBB-BBBB-BABABABABABA}.Release|Any CPU.ActiveCfg = Release|Any CPU
		{BABABABA-BBBB-BBBB-BBBB-BABABABABABA}.Release|Any CPU.Build.0 = Release|Any CPU
		{BABABABA-BBBB-BBBB-BBBB-BABABABABABA}.Release|x64.ActiveCfg = Release|Any CPU
		{BABABABA-BBBB-BBBB-BBBB-BABABABABABA}.Release|x64.Build.0 = Release|Any CPU
		{BABABABA-BBBB-BBBB-BBBB-BABABABABABA}.Release|x86.ActiveCfg = Release|Any CPU
		{BABABABA-BBBB-BBBB-BBBB-BABABABABABA}.Release|x86.Build.0 = Release|Any CPU
		{CDCDCDCD-CCCC-CCCC-CCCC-CDCDCDCDCDCD}.Debug|Any CPU.ActiveCfg = Debug|Any CPU
		{CDCDCDCD-CCCC-CCCC-CCCC-CDCDCDCDCDCD}.Debug|Any CPU.Build.0 = Debug|Any CPU
		{CDCDCDCD-CCCC-CCCC-CCCC-CDCDCDCDCDCD}.Debug|x64.ActiveCfg = Debug|Any CPU
		{CDCDCDCD-CCCC-CCCC-CCCC-CDCDCDCDCDCD}.Debug|x64.Build.0 = Debug|Any CPU
		{CDCDCDCD-CCCC-CCCC-CCCC-CDCDCDCDCDCD}.Debug|x86.ActiveCfg = Debug|Any CPU
		{CDCDCDCD-CCCC-CCCC-CCCC-CDCDCDCDCDCD}.Debug|x86.Build.0 = Debug|Any CPU
		{CDCDCDCD-CCCC-CCCC-CCCC-CDCDCDCDCDCD}.Release|Any CPU.ActiveCfg = Release|Any CPU
		{CDCDCDCD-CCCC-CCCC-CCCC-CDCDCDCDCDCD}.Release|Any CPU.Build.0 = Release|Any CPU
		{CDCDCDCD-CCCC-CCCC-CCCC-CDCDCDCDCDCD}.Release|x64.ActiveCfg = Release|Any CPU
		{CDCDCDCD-CCCC-CCCC-CCCC-CDCDCDCDCDCD}.Release|x64.Build.0 = Release|Any CPU
		{CDCDCDCD-CCCC-CCCC-CCCC-CDCDCDCDCDCD}.Release|x86.ActiveCfg = Release|Any CPU
		{CDCDCDCD-CCCC-CCCC-CCCC-CDCDCDCDCDCD}.Release|x86.Build.0 = Release|Any CPU
		{DEDEDEDE-DDDD-DDDD-DDDD-DEDEDEDEDEDE}.Debug|Any CPU.ActiveCfg = Debug|Any CPU
		{DEDEDEDE-DDDD-DDDD-DDDD-DEDEDEDEDEDE}.Debug|Any CPU.Build.0 = Debug|Any CPU
		{DEDEDEDE-DDDD-DDDD-DDDD-DEDEDEDEDEDE}.Debug|x64.ActiveCfg = Debug|Any CPU
		{DEDEDEDE-DDDD-DDDD-DDDD-DEDEDEDEDEDE}.Debug|x64.Build.0 = Debug|Any CPU
		{DEDEDEDE-DDDD-DDDD-DDDD-DEDEDEDEDEDE}.Debug|x86.ActiveCfg = Debug|Any CPU
		{DEDEDEDE-DDDD-DDDD-DDDD-DEDEDEDEDEDE}.Debug|x86.Build.0 = Debug|Any CPU
		{DEDEDEDE-DDDD-DDDD-DDDD-DEDEDEDEDEDE}.Release|Any CPU.ActiveCfg = Release|Any CPU
		{DEDEDEDE-DDDD-DDDD-DDDD-DEDEDEDEDEDE}.Release|Any CPU.Build.0 = Release|Any CPU
		{DEDEDEDE-DDDD-DDDD-DDDD-DEDEDEDEDEDE}.Release|x64.ActiveCfg = Release|Any CPU
		{DEDEDEDE-DDDD-DDDD-DDDD-DEDEDEDEDEDE}.Release|x64.Build.0 = Release|Any CPU
		{DEDEDEDE-DDDD-DDDD-DDDD-DEDEDEDEDEDE}.Release|x86.ActiveCfg = Release|Any CPU
		{DEDEDEDE-DDDD-DDDD-DDDD-DEDEDEDEDEDE}.Release|x86.Build.0 = Release|Any CPU
		{ECECECEC-EEEE-EEEE-EEEE-ECECECECECEC}.Debug|Any CPU.ActiveCfg = Debug|Any CPU
		{ECECECEC-EEEE-EEEE-EEEE-ECECECECECEC}.Debug|Any CPU.Build.0 = Debug|Any CPU
		{ECECECEC-EEEE-EEEE-EEEE-ECECECECECEC}.Debug|x64.ActiveCfg = Debug|Any CPU
		{ECECECEC-EEEE-EEEE-EEEE-ECECECECECEC}.Debug|x64.Build.0 = Debug|Any CPU
		{ECECECEC-EEEE-EEEE-EEEE-ECECECECECEC}.Debug|x86.ActiveCfg = Debug|Any CPU
		{ECECECEC-EEEE-EEEE-EEEE-ECECECECECEC}.Debug|x86.Build.0 = Debug|Any CPU
		{ECECECEC-EEEE-EEEE-EEEE-ECECECECECEC}.Release|Any CPU.ActiveCfg = Release|Any CPU
		{ECECECEC-EEEE-EEEE-EEEE-ECECECECECEC}.Release|Any CPU.Build.0 = Release|Any CPU
		{ECECECEC-EEEE-EEEE-EEEE-ECECECECECEC}.Release|x64.ActiveCfg = Release|Any CPU
		{ECECECEC-EEEE-EEEE-EEEE-ECECECECECEC}.Release|x64.Build.0 = Release|Any CPU
		{ECECECEC-EEEE-EEEE-EEEE-ECECECECECEC}.Release|x86.ActiveCfg = Release|Any CPU
		{ECECECEC-EEEE-EEEE-EEEE-ECECECECECEC}.Release|x86.Build.0 = Release|Any CPU
		{4A4A4A4A-4444-4444-4444-444444444444}.Debug|Any CPU.ActiveCfg = Debug|Any CPU
		{4A4A4A4A-4444-4444-4444-444444444444}.Debug|Any CPU.Build.0 = Debug|Any CPU
		{4A4A4A4A-4444-4444-4444-444444444444}.Debug|x64.ActiveCfg = Debug|Any CPU
		{4A4A4A4A-4444-4444-4444-444444444444}.Debug|x64.Build.0 = Debug|Any CPU
		{4A4A4A4A-4444-4444-4444-444444444444}.Debug|x86.ActiveCfg = Debug|Any CPU
		{4A4A4A4A-4444-4444-4444-444444444444}.Debug|x86.Build.0 = Debug|Any CPU
		{4A4A4A4A-4444-4444-4444-444444444444}.Release|Any CPU.ActiveCfg = Release|Any CPU
		{4A4A4A4A-4444-4444-4444-444444444444}.Release|Any CPU.Build.0 = Release|Any CPU
		{4A4A4A4A-4444-4444-4444-444444444444}.Release|x64.ActiveCfg = Release|Any CPU
		{4A4A4A4A-4444-4444-4444-444444444444}.Release|x64.Build.0 = Release|Any CPU
		{4A4A4A4A-4444-4444-4444-444444444444}.Release|x86.ActiveCfg = Release|Any CPU
		{4A4A4A4A-4444-4444-4444-444444444444}.Release|x86.Build.0 = Release|Any CPU
		{5A5A5A5A-5555-5555-5555-555555555555}.Debug|Any CPU.ActiveCfg = Debug|Any CPU
		{5A5A5A5A-5555-5555-5555-555555555555}.Debug|Any CPU.Build.0 = Debug|Any CPU
		{5A5A5A5A-5555-5555-5555-555555555555}.Debug|x64.ActiveCfg = Debug|Any CPU
		{5A5A5A5A-5555-5555-5555-555555555555}.Debug|x64.Build.0 = Debug|Any CPU
		{5A5A5A5A-5555-5555-5555-555555555555}.Debug|x86.ActiveCfg = Debug|Any CPU
		{5A5A5A5A-5555-5555-5555-555555555555}.Debug|x86.Build.0 = Debug|Any CPU
		{5A5A5A5A-5555-5555-5555-555555555555}.Release|Any CPU.ActiveCfg = Release|Any CPU
		{5A5A5A5A-5555-5555-5555-555555555555}.Release|Any CPU.Build.0 = Release|Any CPU
		{5A5A5A5A-5555-5555-5555-555555555555}.Release|x64.ActiveCfg = Release|Any CPU
		{5A5A5A5A-5555-5555-5555-555555555555}.Release|x64.Build.0 = Release|Any CPU
		{5A5A5A5A-5555-5555-5555-555555555555}.Release|x86.ActiveCfg = Release|Any CPU
		{5A5A5A5A-5555-5555-5555-555555555555}.Release|x86.Build.0 = Release|Any CPU
		{6A6A6A6A-6666-6666-6666-666666666666}.Debug|Any CPU.ActiveCfg = Debug|Any CPU
		{6A6A6A6A-6666-6666-6666-666666666666}.Debug|Any CPU.Build.0 = Debug|Any CPU
		{6A6A6A6A-6666-6666-6666-666666666666}.Debug|x64.ActiveCfg = Debug|Any CPU
		{6A6A6A6A-6666-6666-6666-666666666666}.Debug|x64.Build.0 = Debug|Any CPU
		{6A6A6A6A-6666-6666-6666-666666666666}.Debug|x86.ActiveCfg = Debug|Any CPU
		{6A6A6A6A-6666-6666-6666-666666666666}.Debug|x86.Build.0 = Debug|Any CPU
		{6A6A6A6A-6666-6666-6666-666666666666}.Release|Any CPU.ActiveCfg = Release|Any CPU
		{6A6A6A6A-6666-6666-6666-666666666666}.Release|Any CPU.Build.0 = Release|Any CPU
		{6A6A6A6A-6666-6666-6666-666666666666}.Release|x64.ActiveCfg = Release|Any CPU
		{6A6A6A6A-6666-6666-6666-666666666666}.Release|x64.Build.0 = Release|Any CPU
		{6A6A6A6A-6666-6666-6666-666666666666}.Release|x86.ActiveCfg = Release|Any CPU
		{6A6A6A6A-6666-6666-6666-666666666666}.Release|x86.Build.0 = Release|Any CPU
		{2166263C-4B47-4448-B381-97C55ADEE4C1}.Debug|Any CPU.ActiveCfg = Debug|Any CPU
		{2166263C-4B47-4448-B381-97C55ADEE4C1}.Debug|Any CPU.Build.0 = Debug|Any CPU
		{2166263C-4B47-4448-B381-97C55ADEE4C1}.Debug|x64.ActiveCfg = Debug|Any CPU
		{2166263C-4B47-4448-B381-97C55ADEE4C1}.Debug|x64.Build.0 = Debug|Any CPU
		{2166263C-4B47-4448-B381-97C55ADEE4C1}.Debug|x86.ActiveCfg = Debug|Any CPU
		{2166263C-4B47-4448-B381-97C55ADEE4C1}.Debug|x86.Build.0 = Debug|Any CPU
		{2166263C-4B47-4448-B381-97C55ADEE4C1}.Release|Any CPU.ActiveCfg = Release|Any CPU
		{2166263C-4B47-4448-B381-97C55ADEE4C1}.Release|Any CPU.Build.0 = Release|Any CPU
		{2166263C-4B47-4448-B381-97C55ADEE4C1}.Release|x64.ActiveCfg = Release|Any CPU
		{2166263C-4B47-4448-B381-97C55ADEE4C1}.Release|x64.Build.0 = Release|Any CPU
		{2166263C-4B47-4448-B381-97C55ADEE4C1}.Release|x86.ActiveCfg = Release|Any CPU
		{2166263C-4B47-4448-B381-97C55ADEE4C1}.Release|x86.Build.0 = Release|Any CPU
		{81EA25ED-993B-4225-B0E5-528006AA3AF5}.Debug|Any CPU.ActiveCfg = Debug|Any CPU
		{81EA25ED-993B-4225-B0E5-528006AA3AF5}.Debug|Any CPU.Build.0 = Debug|Any CPU
		{81EA25ED-993B-4225-B0E5-528006AA3AF5}.Debug|x64.ActiveCfg = Debug|Any CPU
		{81EA25ED-993B-4225-B0E5-528006AA3AF5}.Debug|x64.Build.0 = Debug|Any CPU
		{81EA25ED-993B-4225-B0E5-528006AA3AF5}.Debug|x86.ActiveCfg = Debug|Any CPU
		{81EA25ED-993B-4225-B0E5-528006AA3AF5}.Debug|x86.Build.0 = Debug|Any CPU
		{81EA25ED-993B-4225-B0E5-528006AA3AF5}.Release|Any CPU.ActiveCfg = Release|Any CPU
		{81EA25ED-993B-4225-B0E5-528006AA3AF5}.Release|Any CPU.Build.0 = Release|Any CPU
		{81EA25ED-993B-4225-B0E5-528006AA3AF5}.Release|x64.ActiveCfg = Release|Any CPU
		{81EA25ED-993B-4225-B0E5-528006AA3AF5}.Release|x64.Build.0 = Release|Any CPU
		{81EA25ED-993B-4225-B0E5-528006AA3AF5}.Release|x86.ActiveCfg = Release|Any CPU
		{81EA25ED-993B-4225-B0E5-528006AA3AF5}.Release|x86.Build.0 = Release|Any CPU
		{A1E46D25-34F3-4B69-9180-3E9E9260E6D7}.Debug|Any CPU.ActiveCfg = Debug|Any CPU
		{A1E46D25-34F3-4B69-9180-3E9E9260E6D7}.Debug|Any CPU.Build.0 = Debug|Any CPU
		{A1E46D25-34F3-4B69-9180-3E9E9260E6D7}.Debug|x64.ActiveCfg = Debug|Any CPU
		{A1E46D25-34F3-4B69-9180-3E9E9260E6D7}.Debug|x64.Build.0 = Debug|Any CPU
		{A1E46D25-34F3-4B69-9180-3E9E9260E6D7}.Debug|x86.ActiveCfg = Debug|Any CPU
		{A1E46D25-34F3-4B69-9180-3E9E9260E6D7}.Debug|x86.Build.0 = Debug|Any CPU
		{A1E46D25-34F3-4B69-9180-3E9E9260E6D7}.Release|Any CPU.ActiveCfg = Release|Any CPU
		{A1E46D25-34F3-4B69-9180-3E9E9260E6D7}.Release|Any CPU.Build.0 = Release|Any CPU
		{A1E46D25-34F3-4B69-9180-3E9E9260E6D7}.Release|x64.ActiveCfg = Release|Any CPU
		{A1E46D25-34F3-4B69-9180-3E9E9260E6D7}.Release|x64.Build.0 = Release|Any CPU
		{A1E46D25-34F3-4B69-9180-3E9E9260E6D7}.Release|x86.ActiveCfg = Release|Any CPU
		{A1E46D25-34F3-4B69-9180-3E9E9260E6D7}.Release|x86.Build.0 = Release|Any CPU
	EndGlobalSection
	GlobalSection(SolutionProperties) = preSolution
		HideSolutionNode = FALSE
	EndGlobalSection
	GlobalSection(NestedProjects) = preSolution
		{1A1A1A1A-1111-1111-1111-111111111111} = {AAAAAAAA-AAAA-AAAA-AAAA-AAAAAAAAAAAA}
		{2A2A2A2A-2222-2222-2222-222222222222} = {AAAAAAAA-AAAA-AAAA-AAAA-AAAAAAAAAAAA}
		{7A7A7A7A-7777-7777-7777-777777777777} = {AAAAAAAA-AAAA-AAAA-AAAA-AAAAAAAAAAAA}
		{8A8A8A8A-8888-8888-8888-888888888888} = {AAAAAAAA-AAAA-AAAA-AAAA-AAAAAAAAAAAA}
		{9A9A9A9A-9999-9999-9999-999999999999} = {AAAAAAAA-AAAA-AAAA-AAAA-AAAAAAAAAAAA}
		{BABABABA-BBBB-BBBB-BBBB-BABABABABABA} = {AAAAAAAA-AAAA-AAAA-AAAA-AAAAAAAAAAAA}
		{CDCDCDCD-CCCC-CCCC-CCCC-CDCDCDCDCDCD} = {AAAAAAAA-AAAA-AAAA-AAAA-AAAAAAAAAAAA}
		{DEDEDEDE-DDDD-DDDD-DDDD-DEDEDEDEDEDE} = {AAAAAAAA-AAAA-AAAA-AAAA-AAAAAAAAAAAA}
		{ECECECEC-EEEE-EEEE-EEEE-ECECECECECEC} = {AAAAAAAA-AAAA-AAAA-AAAA-AAAAAAAAAAAA}
		{4A4A4A4A-4444-4444-4444-444444444444} = {AAAAAAAA-AAAA-AAAA-AAAA-AAAAAAAAAAAA}
		{5A5A5A5A-5555-5555-5555-555555555555} = {AAAAAAAA-AAAA-AAAA-AAAA-AAAAAAAAAAAA}
		{6A6A6A6A-6666-6666-6666-666666666666} = {BBBBBBBB-BBBB-BBBB-BBBB-BBBBBBBBBBBB}
		{2166263C-4B47-4448-B381-97C55ADEE4C1} = {AAAAAAAA-AAAA-AAAA-AAAA-AAAAAAAAAAAA}
		{81EA25ED-993B-4225-B0E5-528006AA3AF5} = {AAAAAAAA-AAAA-AAAA-AAAA-AAAAAAAAAAAA}
		{A1E46D25-34F3-4B69-9180-3E9E9260E6D7} = {BBBBBBBB-BBBB-BBBB-BBBB-BBBBBBBBBBBB}
	EndGlobalSection
	GlobalSection(ExtensibilityGlobals) = postSolution
		SolutionGuid = {CCCCCCCC-CCCC-CCCC-CCCC-CCCCCCCCCCCC}
	EndGlobalSection
EndGlobal
